PODS:
  - ICACrashReporter/Core (1.4.3)
  - ICACrashReporter/Crittercism (1.4.3):
    - ICACrashReporter/Core
  - ICACrashReporter/GoogleAnalytics (1.4.3):
    - ICACrashReporter/Core

DEPENDENCIES:
  - ICACrashReporter/Crittercism (from `../../`)
  - ICACrashReporter/GoogleAnalytics (from `../../`)

EXTERNAL SOURCES:
  ICACrashReporter:
    :path: "../../"

SPEC CHECKSUMS:
  ICACrashReporter: 043ea31b327dae0c88daa2a3179e5f27886c5af6

PODFILE CHECKSUM: f39f30640b398a2c8af37f096ec841ca2c7de74b

COCOAPODS: 1.0.0
