PODS:
  - ICACrashReporter (1.3.0):
    - ICACrashReporter/Crittercism (= 1.3.0)
    - ICACrashReporter/GoogleAnalytics (= 1.3.0)
    - ICACrashReporter/Splunk (= 1.3.0)
  - ICACrashReporter/Core (1.3.0)
  - ICACrashReporter/Crittercism (1.3.0):
    - ICACrashReporter/Core
  - ICACrashReporter/GoogleAnalytics (1.3.0):
    - ICACrashReporter/Core
  - ICACrashReporter/Splunk (1.3.0):
    - ICACrashReporter/Core

DEPENDENCIES:
  - ICACrashReporter (from `../../`)

EXTERNAL SOURCES:
  ICACrashReporter:
    :path: "../../"

SPEC CHECKSUMS:
  ICACrashReporter: e8377674a7ccaf98cfb40fd2d1bf6982875e92ec

COCOAPODS: 0.39.0
