// !$*UTF8*$!
{
	archiveVersion = 1;
	classes = {
	};
	objectVersion = 46;
	objects = {

/* Begin PBXBuildFile section */
		BABABA531A9B81160013BE5D /* ICACrashReporter.m in Sources */ = {isa = PBXBuildFile; fileRef = BABABA521A9B81160013BE5D /* ICACrashReporter.m */; };
		BABABA5A1A9DD0460013BE5D /* ICASplunkCrashReporter.m in Sources */ = {isa = PBXBuildFile; fileRef = BABABA591A9DD0460013BE5D /* ICASplunkCrashReporter.m */; };
		BABABA5D1A9DDB480013BE5D /* ICACrashReporterTransactionController.m in Sources */ = {isa = PBXBuildFile; fileRef = BABABA5C1A9DDB480013BE5D /* ICACrashReporterTransactionController.m */; };
		BABABA611A9DE0BC0013BE5D /* ICAConsoleCrashReporter.m in Sources */ = {isa = PBXBuildFile; fileRef = BABABA601A9DE0BC0013BE5D /* ICAConsoleCrashReporter.m */; };
		BABABA651A9DEC360013BE5D /* main.m in Sources */ = {isa = PBXBuildFile; fileRef = BABABA641A9DEC360013BE5D /* main.m */; };
		E35C820F023BBD11264D349D /* libPods-ICACrashReporter.a in Frameworks */ = {isa = PBXBuildFile; fileRef = 8F22E62AA2A6AF7F466949A5 /* libPods-ICACrashReporter.a */; };
/* End PBXBuildFile section */

/* Begin PBXFileReference section */
		3DBAAF1B8A95807E8A3D5AD2 /* Pods-ICACrashReporter.release.xcconfig */ = {isa = PBXFileReference; includeInIndex = 1; lastKnownFileType = text.xcconfig; name = "Pods-ICACrashReporter.release.xcconfig"; path = "Pods/Target Support Files/Pods-ICACrashReporter/Pods-ICACrashReporter.release.xcconfig"; sourceTree = "<group>"; };
		6B7B02993C009BB4A864B46E /* Pods-ICACrashReporter.debug.xcconfig */ = {isa = PBXFileReference; includeInIndex = 1; lastKnownFileType = text.xcconfig; name = "Pods-ICACrashReporter.debug.xcconfig"; path = "Pods/Target Support Files/Pods-ICACrashReporter/Pods-ICACrashReporter.debug.xcconfig"; sourceTree = "<group>"; };
		8F22E62AA2A6AF7F466949A5 /* libPods-ICACrashReporter.a */ = {isa = PBXFileReference; explicitFileType = archive.ar; includeInIndex = 0; path = "libPods-ICACrashReporter.a"; sourceTree = BUILT_PRODUCTS_DIR; };
		BABABA281A9B80A80013BE5D /* ICACrashReporter.app */ = {isa = PBXFileReference; explicitFileType = wrapper.application; includeInIndex = 0; path = ICACrashReporter.app; sourceTree = BUILT_PRODUCTS_DIR; };
		BABABA511A9B81160013BE5D /* ICACrashReporter.h */ = {isa = PBXFileReference; fileEncoding = 4; lastKnownFileType = sourcecode.c.h; path = ICACrashReporter.h; sourceTree = SOURCE_ROOT; };
		BABABA521A9B81160013BE5D /* ICACrashReporter.m */ = {isa = PBXFileReference; fileEncoding = 4; lastKnownFileType = sourcecode.c.objc; path = ICACrashReporter.m; sourceTree = SOURCE_ROOT; };
		BABABA581A9DD0460013BE5D /* ICASplunkCrashReporter.h */ = {isa = PBXFileReference; fileEncoding = 4; lastKnownFileType = sourcecode.c.h; name = ICASplunkCrashReporter.h; path = Splunk/ICASplunkCrashReporter.h; sourceTree = SOURCE_ROOT; };
		BABABA591A9DD0460013BE5D /* ICASplunkCrashReporter.m */ = {isa = PBXFileReference; fileEncoding = 4; lastKnownFileType = sourcecode.c.objc; name = ICASplunkCrashReporter.m; path = Splunk/ICASplunkCrashReporter.m; sourceTree = SOURCE_ROOT; };
		BABABA5B1A9DDB480013BE5D /* ICACrashReporterTransactionController.h */ = {isa = PBXFileReference; fileEncoding = 4; lastKnownFileType = sourcecode.c.h; path = ICACrashReporterTransactionController.h; sourceTree = SOURCE_ROOT; };
		BABABA5C1A9DDB480013BE5D /* ICACrashReporterTransactionController.m */ = {isa = PBXFileReference; fileEncoding = 4; lastKnownFileType = sourcecode.c.objc; path = ICACrashReporterTransactionController.m; sourceTree = SOURCE_ROOT; };
		BABABA5F1A9DE0BC0013BE5D /* ICAConsoleCrashReporter.h */ = {isa = PBXFileReference; fileEncoding = 4; lastKnownFileType = sourcecode.c.h; name = ICAConsoleCrashReporter.h; path = Console/ICAConsoleCrashReporter.h; sourceTree = SOURCE_ROOT; };
		BABABA601A9DE0BC0013BE5D /* ICAConsoleCrashReporter.m */ = {isa = PBXFileReference; fileEncoding = 4; lastKnownFileType = sourcecode.c.objc; name = ICAConsoleCrashReporter.m; path = Console/ICAConsoleCrashReporter.m; sourceTree = SOURCE_ROOT; };
		BABABA641A9DEC360013BE5D /* main.m */ = {isa = PBXFileReference; fileEncoding = 4; lastKnownFileType = sourcecode.c.objc; path = main.m; sourceTree = SOURCE_ROOT; };
/* End PBXFileReference section */

/* Begin PBXFrameworksBuildPhase section */
		BABABA251A9B80A80013BE5D /* Frameworks */ = {
			isa = PBXFrameworksBuildPhase;
			buildActionMask = 2147483647;
			files = (
				E35C820F023BBD11264D349D /* libPods-ICACrashReporter.a in Frameworks */,
			);
			runOnlyForDeploymentPostprocessing = 0;
		};
/* End PBXFrameworksBuildPhase section */

/* Begin PBXGroup section */
		332A9DE4F42C6B849018426F /* Frameworks */ = {
			isa = PBXGroup;
			children = (
				8F22E62AA2A6AF7F466949A5 /* libPods-ICACrashReporter.a */,
			);
			name = Frameworks;
			sourceTree = "<group>";
		};
		BABABA1F1A9B80A80013BE5D = {
			isa = PBXGroup;
			children = (
				BABABA2A1A9B80A80013BE5D /* ICACrashReporter */,
				BABABA291A9B80A80013BE5D /* Products */,
				CB841B9C2D12C61864BD7AC8 /* Pods */,
				332A9DE4F42C6B849018426F /* Frameworks */,
			);
			sourceTree = "<group>";
		};
		BABABA291A9B80A80013BE5D /* Products */ = {
			isa = PBXGroup;
			children = (
				BABABA281A9B80A80013BE5D /* ICACrashReporter.app */,
			);
			name = Products;
			sourceTree = "<group>";
		};
		BABABA2A1A9B80A80013BE5D /* ICACrashReporter */ = {
			isa = PBXGroup;
			children = (
				BABABA641A9DEC360013BE5D /* main.m */,
				BABABA5E1A9DE09E0013BE5D /* Console */,
				BABABA571A9DD02B0013BE5D /* Splunk */,
				BABABA511A9B81160013BE5D /* ICACrashReporter.h */,
				BABABA521A9B81160013BE5D /* ICACrashReporter.m */,
				BABABA5B1A9DDB480013BE5D /* ICACrashReporterTransactionController.h */,
				BABABA5C1A9DDB480013BE5D /* ICACrashReporterTransactionController.m */,
			);
			path = ICACrashReporter;
			sourceTree = "<group>";
		};
		BABABA571A9DD02B0013BE5D /* Splunk */ = {
			isa = PBXGroup;
			children = (
				BABABA581A9DD0460013BE5D /* ICASplunkCrashReporter.h */,
				BABABA591A9DD0460013BE5D /* ICASplunkCrashReporter.m */,
			);
			name = Splunk;
			sourceTree = "<group>";
		};
		BABABA5E1A9DE09E0013BE5D /* Console */ = {
			isa = PBXGroup;
			children = (
				BABABA5F1A9DE0BC0013BE5D /* ICAConsoleCrashReporter.h */,
				BABABA601A9DE0BC0013BE5D /* ICAConsoleCrashReporter.m */,
			);
			name = Console;
			sourceTree = "<group>";
		};
		CB841B9C2D12C61864BD7AC8 /* Pods */ = {
			isa = PBXGroup;
			children = (
				6B7B02993C009BB4A864B46E /* Pods-ICACrashReporter.debug.xcconfig */,
				3DBAAF1B8A95807E8A3D5AD2 /* Pods-ICACrashReporter.release.xcconfig */,
			);
			name = Pods;
			sourceTree = "<group>";
		};
/* End PBXGroup section */

/* Begin PBXNativeTarget section */
		BABABA271A9B80A80013BE5D /* ICACrashReporter */ = {
			isa = PBXNativeTarget;
			buildConfigurationList = BABABA4B1A9B80A80013BE5D /* Build configuration list for PBXNativeTarget "ICACrashReporter" */;
			buildPhases = (
				F43EA70BC26EC1DD7043C758 /* Check Pods Manifest.lock */,
				BABABA241A9B80A80013BE5D /* Sources */,
				BABABA251A9B80A80013BE5D /* Frameworks */,
				BABABA261A9B80A80013BE5D /* Resources */,
				285C000C15B1FAAB861869ED /* Copy Pods Resources */,
			);
			buildRules = (
			);
			dependencies = (
			);
			name = ICACrashReporter;
			productName = ICACrashReporter;
			productReference = BABABA281A9B80A80013BE5D /* ICACrashReporter.app */;
			productType = "com.apple.product-type.application";
		};
/* End PBXNativeTarget section */

/* Begin PBXProject section */
		BABABA201A9B80A80013BE5D /* Project object */ = {
			isa = PBXProject;
			attributes = {
				LastUpgradeCheck = 0610;
				ORGANIZATIONNAME = iCapps;
				TargetAttributes = {
					BABABA271A9B80A80013BE5D = {
						CreatedOnToolsVersion = 6.1.1;
					};
				};
			};
			buildConfigurationList = BABABA231A9B80A80013BE5D /* Build configuration list for PBXProject "ICACrashReporter" */;
			compatibilityVersion = "Xcode 3.2";
			developmentRegion = English;
			hasScannedForEncodings = 0;
			knownRegions = (
				en,
				Base,
			);
			mainGroup = BABABA1F1A9B80A80013BE5D;
			productRefGroup = BABABA291A9B80A80013BE5D /* Products */;
			projectDirPath = "";
			projectRoot = "";
			targets = (
				BABABA271A9B80A80013BE5D /* ICACrashReporter */,
			);
		};
/* End PBXProject section */

/* Begin PBXResourcesBuildPhase section */
		BABABA261A9B80A80013BE5D /* Resources */ = {
			isa = PBXResourcesBuildPhase;
			buildActionMask = 2147483647;
			files = (
			);
			runOnlyForDeploymentPostprocessing = 0;
		};
/* End PBXResourcesBuildPhase section */

/* Begin PBXShellScriptBuildPhase section */
		285C000C15B1FAAB861869ED /* Copy Pods Resources */ = {
			isa = PBXShellScriptBuildPhase;
			buildActionMask = 2147483647;
			files = (
			);
			inputPaths = (
			);
			name = "Copy Pods Resources";
			outputPaths = (
			);
			runOnlyForDeploymentPostprocessing = 0;
			shellPath = /bin/sh;
			shellScript = "\"${SRCROOT}/Pods/Target Support Files/Pods-ICACrashReporter/Pods-ICACrashReporter-resources.sh\"\n";
			showEnvVarsInLog = 0;
		};
		F43EA70BC26EC1DD7043C758 /* Check Pods Manifest.lock */ = {
			isa = PBXShellScriptBuildPhase;
			buildActionMask = 2147483647;
			files = (
			);
			inputPaths = (
			);
			name = "Check Pods Manifest.lock";
			outputPaths = (
			);
			runOnlyForDeploymentPostprocessing = 0;
			shellPath = /bin/sh;
			shellScript = "diff \"${PODS_ROOT}/../Podfile.lock\" \"${PODS_ROOT}/Manifest.lock\" > /dev/null\nif [[ $? != 0 ]] ; then\n    cat << EOM\nerror: The sandbox is not in sync with the Podfile.lock. Run 'pod install' or update your CocoaPods installation.\nEOM\n    exit 1\nfi\n";
			showEnvVarsInLog = 0;
		};
/* End PBXShellScriptBuildPhase section */

/* Begin PBXSourcesBuildPhase section */
		BABABA241A9B80A80013BE5D /* Sources */ = {
			isa = PBXSourcesBuildPhase;
			buildActionMask = 2147483647;
			files = (
				BABABA5A1A9DD0460013BE5D /* ICASplunkCrashReporter.m in Sources */,
				BABABA5D1A9DDB480013BE5D /* ICACrashReporterTransactionController.m in Sources */,
				BABABA611A9DE0BC0013BE5D /* ICAConsoleCrashReporter.m in Sources */,
				BABABA651A9DEC360013BE5D /* main.m in Sources */,
				BABABA531A9B81160013BE5D /* ICACrashReporter.m in Sources */,
			);
			runOnlyForDeploymentPostprocessing = 0;
		};
/* End PBXSourcesBuildPhase section */

/* Begin XCBuildConfiguration section */
		BABABA491A9B80A80013BE5D /* Debug */ = {
			isa = XCBuildConfiguration;
			buildSettings = {
				ALWAYS_SEARCH_USER_PATHS = NO;
				CLANG_CXX_LANGUAGE_STANDARD = "gnu++0x";
				CLANG_CXX_LIBRARY = "libc++";
				CLANG_ENABLE_MODULES = YES;
				CLANG_ENABLE_OBJC_ARC = YES;
				CLANG_WARN_BOOL_CONVERSION = YES;
				CLANG_WARN_CONSTANT_CONVERSION = YES;
				CLANG_WARN_DIRECT_OBJC_ISA_USAGE = YES_ERROR;
				CLANG_WARN_EMPTY_BODY = YES;
				CLANG_WARN_ENUM_CONVERSION = YES;
				CLANG_WARN_INT_CONVERSION = YES;
				CLANG_WARN_OBJC_ROOT_CLASS = YES_ERROR;
				CLANG_WARN_UNREACHABLE_CODE = YES;
				CLANG_WARN__DUPLICATE_METHOD_MATCH = YES;
				"CODE_SIGN_IDENTITY[sdk=iphoneos*]" = "iPhone Developer";
				COPY_PHASE_STRIP = NO;
				ENABLE_STRICT_OBJC_MSGSEND = YES;
				GCC_C_LANGUAGE_STANDARD = gnu99;
				GCC_DYNAMIC_NO_PIC = NO;
				GCC_OPTIMIZATION_LEVEL = 0;
				GCC_PREPROCESSOR_DEFINITIONS = (
					"DEBUG=1",
					"$(inherited)",
				);
				GCC_SYMBOLS_PRIVATE_EXTERN = NO;
				GCC_WARN_64_TO_32_BIT_CONVERSION = YES;
				GCC_WARN_ABOUT_RETURN_TYPE = YES_ERROR;
				GCC_WARN_UNDECLARED_SELECTOR = YES;
				GCC_WARN_UNINITIALIZED_AUTOS = YES_AGGRESSIVE;
				GCC_WARN_UNUSED_FUNCTION = YES;
				GCC_WARN_UNUSED_VARIABLE = YES;
				IPHONEOS_DEPLOYMENT_TARGET = 8.1;
				MTL_ENABLE_DEBUG_INFO = YES;
				ONLY_ACTIVE_ARCH = YES;
				SDKROOT = iphoneos;
				TARGETED_DEVICE_FAMILY = "1,2";
			};
			name = Debug;
		};
		BABABA4A1A9B80A80013BE5D /* Release */ = {
			isa = XCBuildConfiguration;
			buildSettings = {
				ALWAYS_SEARCH_USER_PATHS = NO;
				CLANG_CXX_LANGUAGE_STANDARD = "gnu++0x";
				CLANG_CXX_LIBRARY = "libc++";
				CLANG_ENABLE_MODULES = YES;
				CLANG_ENABLE_OBJC_ARC = YES;
				CLANG_WARN_BOOL_CONVERSION = YES;
				CLANG_WARN_CONSTANT_CONVERSION = YES;
				CLANG_WARN_DIRECT_OBJC_ISA_USAGE = YES_ERROR;
				CLANG_WARN_EMPTY_BODY = YES;
				CLANG_WARN_ENUM_CONVERSION = YES;
				CLANG_WARN_INT_CONVERSION = YES;
				CLANG_WARN_OBJC_ROOT_CLASS = YES_ERROR;
				CLANG_WARN_UNREACHABLE_CODE = YES;
				CLANG_WARN__DUPLICATE_METHOD_MATCH = YES;
				"CODE_SIGN_IDENTITY[sdk=iphoneos*]" = "iPhone Developer";
				COPY_PHASE_STRIP = YES;
				ENABLE_NS_ASSERTIONS = NO;
				ENABLE_STRICT_OBJC_MSGSEND = YES;
				GCC_C_LANGUAGE_STANDARD = gnu99;
				GCC_WARN_64_TO_32_BIT_CONVERSION = YES;
				GCC_WARN_ABOUT_RETURN_TYPE = YES_ERROR;
				GCC_WARN_UNDECLARED_SELECTOR = YES;
				GCC_WARN_UNINITIALIZED_AUTOS = YES_AGGRESSIVE;
				GCC_WARN_UNUSED_FUNCTION = YES;
				GCC_WARN_UNUSED_VARIABLE = YES;
				IPHONEOS_DEPLOYMENT_TARGET = 8.1;
				MTL_ENABLE_DEBUG_INFO = NO;
				SDKROOT = iphoneos;
				TARGETED_DEVICE_FAMILY = "1,2";
				VALIDATE_PRODUCT = YES;
			};
			name = Release;
		};
		BABABA4C1A9B80A80013BE5D /* Debug */ = {
			isa = XCBuildConfiguration;
			baseConfigurationReference = 6B7B02993C009BB4A864B46E /* Pods-ICACrashReporter.debug.xcconfig */;
			buildSettings = {
				ASSETCATALOG_COMPILER_APPICON_NAME = AppIcon;
				INFOPLIST_FILE = "$(SRCROOT)/Info.plist";
				LD_RUNPATH_SEARCH_PATHS = "$(inherited) @executable_path/Frameworks";
				PRODUCT_NAME = "$(TARGET_NAME)";
			};
			name = Debug;
		};
		BABABA4D1A9B80A80013BE5D /* Release */ = {
			isa = XCBuildConfiguration;
			baseConfigurationReference = 3DBAAF1B8A95807E8A3D5AD2 /* Pods-ICACrashReporter.release.xcconfig */;
			buildSettings = {
				ASSETCATALOG_COMPILER_APPICON_NAME = AppIcon;
				INFOPLIST_FILE = "$(SRCROOT)/Info.plist";
				LD_RUNPATH_SEARCH_PATHS = "$(inherited) @executable_path/Frameworks";
				PRODUCT_NAME = "$(TARGET_NAME)";
			};
			name = Release;
		};
/* End XCBuildConfiguration section */

/* Begin XCConfigurationList section */
		BABABA231A9B80A80013BE5D /* Build configuration list for PBXProject "ICACrashReporter" */ = {
			isa = XCConfigurationList;
			buildConfigurations = (
				BABABA491A9B80A80013BE5D /* Debug */,
				BABABA4A1A9B80A80013BE5D /* Release */,
			);
			defaultConfigurationIsVisible = 0;
			defaultConfigurationName = Release;
		};
		BABABA4B1A9B80A80013BE5D /* Build configuration list for PBXNativeTarget "ICACrashReporter" */ = {
			isa = XCConfigurationList;
			buildConfigurations = (
				BABABA4C1A9B80A80013BE5D /* Debug */,
				BABABA4D1A9B80A80013BE5D /* Release */,
			);
			defaultConfigurationIsVisible = 0;
			defaultConfigurationName = Release;
		};
/* End XCConfigurationList section */
	};
	rootObject = BABABA201A9B80A80013BE5D /* Project object */;
}
