// !$*UTF8*$!
{
	archiveVersion = 1;
	classes = {
	};
	objectVersion = 46;
	objects = {

/* Begin PBXBuildFile section */
		BABABA531A9B81160013BE5D /* ICACrashReporter.m in Sources */ = {isa = PBXBuildFile; fileRef = BABABA521A9B81160013BE5D /* ICACrashReporter.m */; };
		BABABA561A9B82040013BE5D /* main.m in Sources */ = {isa = PBXBuildFile; fileRef = BABABA551A9B82040013BE5D /* main.m */; };
/* End PBXBuildFile section */

/* Begin PBXFileReference section */
		BABABA281A9B80A80013BE5D /* ICACrashReporter.app */ = {isa = PBXFileReference; explicitFileType = wrapper.application; includeInIndex = 0; path = ICACrashReporter.app; sourceTree = BUILT_PRODUCTS_DIR; };
		BABABA511A9B81160013BE5D /* ICACrashReporter.h */ = {isa = PBXFileReference; fileEncoding = 4; lastKnownFileType = sourcecode.c.h; path = ICACrashReporter.h; sourceTree = SOURCE_ROOT; };
		BABABA521A9B81160013BE5D /* ICACrashReporter.m */ = {isa = PBXFileReference; fileEncoding = 4; lastKnownFileType = sourcecode.c.objc; path = ICACrashReporter.m; sourceTree = SOURCE_ROOT; };
		BABABA551A9B82040013BE5D /* main.m */ = {isa = PBXFileReference; fileEncoding = 4; lastKnownFileType = sourcecode.c.objc; path = main.m; sourceTree = "<group>"; };
/* End PBXFileReference section */

/* Begin PBXFrameworksBuildPhase section */
		BABABA251A9B80A80013BE5D /* Frameworks */ = {
			isa = PBXFrameworksBuildPhase;
			buildActionMask = 2147483647;
			files = (
			);
			runOnlyForDeploymentPostprocessing = 0;
		};
/* End PBXFrameworksBuildPhase section */

/* Begin PBXGroup section */
		BABABA1F1A9B80A80013BE5D = {
			isa = PBXGroup;
			children = (
				BABABA2A1A9B80A80013BE5D /* ICACrashReporter */,
				BABABA291A9B80A80013BE5D /* Products */,
			);
			sourceTree = "<group>";
		};
		BABABA291A9B80A80013BE5D /* Products */ = {
			isa = PBXGroup;
			children = (
				BABABA281A9B80A80013BE5D /* ICACrashReporter.app */,
			);
			name = Products;
			sourceTree = "<group>";
		};
		BABABA2A1A9B80A80013BE5D /* ICACrashReporter */ = {
			isa = PBXGroup;
			children = (
				BABABA551A9B82040013BE5D /* main.m */,
				BABABA511A9B81160013BE5D /* ICACrashReporter.h */,
				BABABA521A9B81160013BE5D /* ICACrashReporter.m */,
			);
			path = ICACrashReporter;
			sourceTree = "<group>";
		};
/* End PBXGroup section */

/* Begin PBXNativeTarget section */
		BABABA271A9B80A80013BE5D /* ICACrashReporter */ = {
			isa = PBXNativeTarget;
			buildConfigurationList = BABABA4B1A9B80A80013BE5D /* Build configuration list for PBXNativeTarget "ICACrashReporter" */;
			buildPhases = (
				BABABA241A9B80A80013BE5D /* Sources */,
				BABABA251A9B80A80013BE5D /* Frameworks */,
				BABABA261A9B80A80013BE5D /* Resources */,
			);
			buildRules = (
			);
			dependencies = (
			);
			name = ICACrashReporter;
			productName = ICACrashReporter;
			productReference = BABABA281A9B80A80013BE5D /* ICACrashReporter.app */;
			productType = "com.apple.product-type.application";
		};
/* End PBXNativeTarget section */

/* Begin PBXProject section */
		BABABA201A9B80A80013BE5D /* Project object */ = {
			isa = PBXProject;
			attributes = {
				LastUpgradeCheck = 0610;
				ORGANIZATIONNAME = iCapps;
				TargetAttributes = {
					BABABA271A9B80A80013BE5D = {
						CreatedOnToolsVersion = 6.1.1;
					};
				};
			};
			buildConfigurationList = BABABA231A9B80A80013BE5D /* Build configuration list for PBXProject "ICACrashReporter" */;
			compatibilityVersion = "Xcode 3.2";
			developmentRegion = English;
			hasScannedForEncodings = 0;
			knownRegions = (
				en,
				Base,
			);
			mainGroup = BABABA1F1A9B80A80013BE5D;
			productRefGroup = BABABA291A9B80A80013BE5D /* Products */;
			projectDirPath = "";
			projectRoot = "";
			targets = (
				BABABA271A9B80A80013BE5D /* ICACrashReporter */,
			);
		};
/* End PBXProject section */

/* Begin PBXResourcesBuildPhase section */
		BABABA261A9B80A80013BE5D /* Resources */ = {
			isa = PBXResourcesBuildPhase;
			buildActionMask = 2147483647;
			files = (
			);
			runOnlyForDeploymentPostprocessing = 0;
		};
/* End PBXResourcesBuildPhase section */

/* Begin PBXSourcesBuildPhase section */
		BABABA241A9B80A80013BE5D /* Sources */ = {
			isa = PBXSourcesBuildPhase;
			buildActionMask = 2147483647;
			files = (
				BABABA561A9B82040013BE5D /* main.m in Sources */,
				BABABA531A9B81160013BE5D /* ICACrashReporter.m in Sources */,
			);
			runOnlyForDeploymentPostprocessing = 0;
		};
/* End PBXSourcesBuildPhase section */

/* Begin XCBuildConfiguration section */
		BABABA491A9B80A80013BE5D /* Debug */ = {
			isa = XCBuildConfiguration;
			buildSettings = {
				ALWAYS_SEARCH_USER_PATHS = NO;
				CLANG_CXX_LANGUAGE_STANDARD = "gnu++0x";
				CLANG_CXX_LIBRARY = "libc++";
				CLANG_ENABLE_MODULES = YES;
				CLANG_ENABLE_OBJC_ARC = YES;
				CLANG_WARN_BOOL_CONVERSION = YES;
				CLANG_WARN_CONSTANT_CONVERSION = YES;
				CLANG_WARN_DIRECT_OBJC_ISA_USAGE = YES_ERROR;
				CLANG_WARN_EMPTY_BODY = YES;
				CLANG_WARN_ENUM_CONVERSION = YES;
				CLANG_WARN_INT_CONVERSION = YES;
				CLANG_WARN_OBJC_ROOT_CLASS = YES_ERROR;
				CLANG_WARN_UNREACHABLE_CODE = YES;
				CLANG_WARN__DUPLICATE_METHOD_MATCH = YES;
				"CODE_SIGN_IDENTITY[sdk=iphoneos*]" = "iPhone Developer";
				COPY_PHASE_STRIP = NO;
				ENABLE_STRICT_OBJC_MSGSEND = YES;
				GCC_C_LANGUAGE_STANDARD = gnu99;
				GCC_DYNAMIC_NO_PIC = NO;
				GCC_OPTIMIZATION_LEVEL = 0;
				GCC_PREPROCESSOR_DEFINITIONS = (
					"DEBUG=1",
					"$(inherited)",
				);
				GCC_SYMBOLS_PRIVATE_EXTERN = NO;
				GCC_WARN_64_TO_32_BIT_CONVERSION = YES;
				GCC_WARN_ABOUT_RETURN_TYPE = YES_ERROR;
				GCC_WARN_UNDECLARED_SELECTOR = YES;
				GCC_WARN_UNINITIALIZED_AUTOS = YES_AGGRESSIVE;
				GCC_WARN_UNUSED_FUNCTION = YES;
				GCC_WARN_UNUSED_VARIABLE = YES;
				IPHONEOS_DEPLOYMENT_TARGET = 8.1;
				MTL_ENABLE_DEBUG_INFO = YES;
				ONLY_ACTIVE_ARCH = YES;
				SDKROOT = iphoneos;
				TARGETED_DEVICE_FAMILY = "1,2";
			};
			name = Debug;
		};
		BABABA4A1A9B80A80013BE5D /* Release */ = {
			isa = XCBuildConfiguration;
			buildSettings = {
				ALWAYS_SEARCH_USER_PATHS = NO;
				CLANG_CXX_LANGUAGE_STANDARD = "gnu++0x";
				CLANG_CXX_LIBRARY = "libc++";
				CLANG_ENABLE_MODULES = YES;
				CLANG_ENABLE_OBJC_ARC = YES;
				CLANG_WARN_BOOL_CONVERSION = YES;
				CLANG_WARN_CONSTANT_CONVERSION = YES;
				CLANG_WARN_DIRECT_OBJC_ISA_USAGE = YES_ERROR;
				CLANG_WARN_EMPTY_BODY = YES;
				CLANG_WARN_ENUM_CONVERSION = YES;
				CLANG_WARN_INT_CONVERSION = YES;
				CLANG_WARN_OBJC_ROOT_CLASS = YES_ERROR;
				CLANG_WARN_UNREACHABLE_CODE = YES;
				CLANG_WARN__DUPLICATE_METHOD_MATCH = YES;
				"CODE_SIGN_IDENTITY[sdk=iphoneos*]" = "iPhone Developer";
				COPY_PHASE_STRIP = YES;
				ENABLE_NS_ASSERTIONS = NO;
				ENABLE_STRICT_OBJC_MSGSEND = YES;
				GCC_C_LANGUAGE_STANDARD = gnu99;
				GCC_WARN_64_TO_32_BIT_CONVERSION = YES;
				GCC_WARN_ABOUT_RETURN_TYPE = YES_ERROR;
				GCC_WARN_UNDECLARED_SELECTOR = YES;
				GCC_WARN_UNINITIALIZED_AUTOS = YES_AGGRESSIVE;
				GCC_WARN_UNUSED_FUNCTION = YES;
				GCC_WARN_UNUSED_VARIABLE = YES;
				IPHONEOS_DEPLOYMENT_TARGET = 8.1;
				MTL_ENABLE_DEBUG_INFO = NO;
				SDKROOT = iphoneos;
				TARGETED_DEVICE_FAMILY = "1,2";
				VALIDATE_PRODUCT = YES;
			};
			name = Release;
		};
		BABABA4C1A9B80A80013BE5D /* Debug */ = {
			isa = XCBuildConfiguration;
			buildSettings = {
				ASSETCATALOG_COMPILER_APPICON_NAME = AppIcon;
				INFOPLIST_FILE = "$(SRCROOT)/Info.plist";
				LD_RUNPATH_SEARCH_PATHS = "$(inherited) @executable_path/Frameworks";
				PRODUCT_NAME = "$(TARGET_NAME)";
			};
			name = Debug;
		};
		BABABA4D1A9B80A80013BE5D /* Release */ = {
			isa = XCBuildConfiguration;
			buildSettings = {
				ASSETCATALOG_COMPILER_APPICON_NAME = AppIcon;
				INFOPLIST_FILE = "$(SRCROOT)/Info.plist";
				LD_RUNPATH_SEARCH_PATHS = "$(inherited) @executable_path/Frameworks";
				PRODUCT_NAME = "$(TARGET_NAME)";
			};
			name = Release;
		};
/* End XCBuildConfiguration section */

/* Begin XCConfigurationList section */
		BABABA231A9B80A80013BE5D /* Build configuration list for PBXProject "ICACrashReporter" */ = {
			isa = XCConfigurationList;
			buildConfigurations = (
				BABABA491A9B80A80013BE5D /* Debug */,
				BABABA4A1A9B80A80013BE5D /* Release */,
			);
			defaultConfigurationIsVisible = 0;
			defaultConfigurationName = Release;
		};
		BABABA4B1A9B80A80013BE5D /* Build configuration list for PBXNativeTarget "ICACrashReporter" */ = {
			isa = XCConfigurationList;
			buildConfigurations = (
				BABABA4C1A9B80A80013BE5D /* Debug */,
				BABABA4D1A9B80A80013BE5D /* Release */,
			);
			defaultConfigurationIsVisible = 0;
			defaultConfigurationName = Release;
		};
/* End XCConfigurationList section */
	};
	rootObject = BABABA201A9B80A80013BE5D /* Project object */;
}
