PODS:
  - ICACrashReporter/Core (1.4.2)
  - ICACrashReporter/Crittercism (1.4.2):
    - ICACrashReporter/Core
  - ICACrashReporter/GoogleAnalytics (1.4.2):
    - ICACrashReporter/Core

DEPENDENCIES:
  - ICACrashReporter/Crittercism (from `../../`)
  - ICACrashReporter/GoogleAnalytics (from `../../`)

EXTERNAL SOURCES:
  ICACrashReporter:
    :path: "../../"

SPEC CHECKSUMS:
  ICACrashReporter: b92c60217a6ec74397e19747c09c1e5ed441257f

PODFILE CHECKSUM: ba2a0f84e4fd653fa8c1a8b91787f96b7bc67ace

COCOAPODS: 1.0.0
